<?xml version="1.0" encoding="utf-8"?>
<Project ToolsVersion="4.0" xmlns="http://schemas.microsoft.com/developer/msbuild/2003">
  <ItemGroup>
    <Filter Include="Fichiers sources">
      <UniqueIdentifier>{4FC737F1-C7A5-4376-A066-2A32D752A2FF}</UniqueIdentifier>
      <Extensions>cpp;c;cc;cxx;def;odl;idl;hpj;bat;asm;asmx</Extensions>
    </Filter>
    <Filter Include="Fichiers d%27en-tête">
      <UniqueIdentifier>{93995380-89BD-4b04-88EB-625FBE52EBFB}</UniqueIdentifier>
      <Extensions>h;hpp;hxx;hm;inl;inc;xsd</Extensions>
    </Filter>
    <Filter Include="Fichiers de ressources">
      <UniqueIdentifier>{67DA6AB6-F800-4c08-8B7A-83BB121AAD01}</UniqueIdentifier>
      <Extensions>rc;ico;cur;bmp;dlg;rc2;rct;bin;rgs;gif;jpg;jpeg;jpe;resx;tiff;tif;png;wav;mfcribbon-ms</Extensions>
    </Filter>
    <Filter Include="Fichiers de ressources\Sprites">
      <UniqueIdentifier>{57a7dff0-e2c6-4b9e-89bf-169578562c10}</UniqueIdentifier>
    </Filter>
    <Filter Include="Fichiers sources\Scenes">
      <UniqueIdentifier>{36885ba6-a0a4-4db4-82a1-791e35a9d5ce}</UniqueIdentifier>
    </Filter>
    <Filter Include="Fichiers d%27en-tête\ContentManagers">
      <UniqueIdentifier>{7e5db419-7d5b-40d3-9c67-b7afa68b6c0a}</UniqueIdentifier>
    </Filter>
    <Filter Include="Fichiers sources\ContentManagers">
      <UniqueIdentifier>{f0a15850-41e3-4ceb-80ab-afc846f3a0e5}</UniqueIdentifier>
    </Filter>
    <Filter Include="Fichiers sources\Utils">
      <UniqueIdentifier>{d64d74d6-9e61-4f0a-98f2-5ff99ad6161e}</UniqueIdentifier>
    </Filter>
    <Filter Include="Fichiers de ressources\Sprites\Backgrounds">
      <UniqueIdentifier>{bae3203e-c990-4a4d-aa7a-3772da5898c3}</UniqueIdentifier>
    </Filter>
    <Filter Include="Fichiers de ressources\Sprites\Actors">
      <UniqueIdentifier>{1f433975-cb7b-4a5a-ba89-50c4662a7a09}</UniqueIdentifier>
    </Filter>
    <Filter Include="Fichiers sources\Actors">
      <UniqueIdentifier>{a07a9a2f-7381-493f-92a0-78f37971782c}</UniqueIdentifier>
    </Filter>
    <Filter Include="Fichiers d%27en-tête\Actors">
      <UniqueIdentifier>{3dcc3527-0b00-426b-8061-c8da20a1140f}</UniqueIdentifier>
    </Filter>
    <Filter Include="Fichiers d%27en-tête\Scenes">
      <UniqueIdentifier>{46ff9369-ceb3-457c-ac00-adee2c24cbe1}</UniqueIdentifier>
    </Filter>
    <Filter Include="Fichiers d%27en-tête\Utils">
      <UniqueIdentifier>{c428f4cc-1e05-48d0-8d99-14ae1c6b8414}</UniqueIdentifier>
    </Filter>
  </ItemGroup>
  <ItemGroup>
    <ClCompile Include="Main.cpp">
      <Filter>Fichiers sources</Filter>
    </ClCompile>
    <ClCompile Include="Game.cpp">
      <Filter>Fichiers sources</Filter>
    </ClCompile>
    <ClCompile Include="GameScene.cpp">
      <Filter>Fichiers sources\Scenes</Filter>
    </ClCompile>
    <ClCompile Include="GameContentManager.cpp">
      <Filter>Fichiers sources\ContentManagers</Filter>
    </ClCompile>
    <ClCompile Include="CollisionCircle.cpp">
      <Filter>Fichiers sources\Utils</Filter>
    </ClCompile>
    <ClCompile Include="GameObject.cpp">
      <Filter>Fichiers sources\Utils</Filter>
    </ClCompile>
    <ClCompile Include="TitleScene.cpp">
      <Filter>Fichiers sources\Scenes</Filter>
    </ClCompile>
    <ClCompile Include="TitleSceneContentManager.cpp">
      <Filter>Fichiers sources\ContentManagers</Filter>
    </ClCompile>
    <ClCompile Include="Player.cpp">
      <Filter>Fichiers sources\Actors</Filter>
    </ClCompile>
    <ClCompile Include="Collectable.cpp">
      <Filter>Fichiers sources\Actors</Filter>
    </ClCompile>
    <ClCompile Include="Hud.cpp">
      <Filter>Fichiers sources\Utils</Filter>
    </ClCompile>
    <ClCompile Include="Enemy.cpp">
      <Filter>Fichiers sources\Actors</Filter>
    </ClCompile>
    <ClCompile Include="EndScene.cpp">
      <Filter>Fichiers sources\Scenes</Filter>
    </ClCompile>
    <ClCompile Include="EndSceneContentManager.cpp">
      <Filter>Fichiers sources\ContentManagers</Filter>
    </ClCompile>
    <ClCompile Include="Flag.cpp">
      <Filter>Fichiers sources\Actors</Filter>
    </ClCompile>
  </ItemGroup>
  <ItemGroup>
    <ClInclude Include="Game.h">
      <Filter>Fichiers d%27en-tête</Filter>
    </ClInclude>
    <ClInclude Include="GameContentManager.h">
      <Filter>Fichiers d%27en-tête\ContentManagers</Filter>
    </ClInclude>
    <ClInclude Include="GameScene.h">
      <Filter>Fichiers d%27en-tête\Scenes</Filter>
    </ClInclude>
    <ClInclude Include="Scene.h">
      <Filter>Fichiers d%27en-tête\Scenes</Filter>
    </ClInclude>
    <ClInclude Include="Inputs.h">
      <Filter>Fichiers d%27en-tête\Utils</Filter>
    </ClInclude>
    <ClInclude Include="GameObject.h">
      <Filter>Fichiers d%27en-tête\Utils</Filter>
    </ClInclude>
    <ClInclude Include="CollisionCircle.h">
      <Filter>Fichiers d%27en-tête\Utils</Filter>
    </ClInclude>
    <ClInclude Include="Player.h">
      <Filter>Fichiers d%27en-tête\Actors</Filter>
    </ClInclude>
    <ClInclude Include="TitleScene.h">
      <Filter>Fichiers d%27en-tête\Scenes</Filter>
    </ClInclude>
    <ClInclude Include="TitleSceneContentManager.h">
      <Filter>Fichiers d%27en-tête\ContentManagers</Filter>
    </ClInclude>
    <ClInclude Include="Constants.h">
      <Filter>Fichiers d%27en-tête\Utils</Filter>
    </ClInclude>
    <ClInclude Include="Collectable.h">
      <Filter>Fichiers d%27en-tête\Actors</Filter>
    </ClInclude>
    <ClInclude Include="Hud.h">
      <Filter>Fichiers d%27en-tête\Utils</Filter>
    </ClInclude>
    <ClInclude Include="Enemy.h">
      <Filter>Fichiers d%27en-tête\Actors</Filter>
    </ClInclude>
    <ClInclude Include="EndScene.h">
      <Filter>Fichiers d%27en-tête\Scenes</Filter>
    </ClInclude>
    <ClInclude Include="EndSceneContentManager.h">
      <Filter>Fichiers d%27en-tête\ContentManagers</Filter>
    </ClInclude>
    <ClInclude Include="Flag.h">
      <Filter>Fichiers d%27en-tête\Actors</Filter>
    </ClInclude>
  </ItemGroup>
  <ItemGroup>
    <Image Include="Assets\Sprites\background2.png">
      <Filter>Fichiers de ressources\Sprites\Backgrounds</Filter>
    </Image>
    <Image Include="Assets\Sprites\character1.png">
      <Filter>Fichiers de ressources\Sprites\Actors</Filter>
    </Image>
    <Image Include="Assets\Sprites\character2.png">
      <Filter>Fichiers de ressources\Sprites\Actors</Filter>
    </Image>
  </ItemGroup>
</Project>